
Microsoft Visual Studio Solution File, Format Version 12.00
# Visual Studio 2012
Project("{8BC9CEB8-8B4A-11D0-8D11-00A0C91BC942}") = "OpenWarCV", "OpenWarCV\OpenWarCV.vcxproj", "{77BB17F9-93D8-4EA3-88D2-2790E855AA82}"
EndProject
Global
	GlobalSection(SolutionConfigurationPlatforms) = preSolution
		Debug|ARM = Debug|ARM
		Debug|Win32 = Debug|Win32
		Release|ARM = Release|ARM
		Release|Win32 = Release|Win32
	EndGlobalSection
	GlobalSection(ProjectConfigurationPlatforms) = postSolution
		{77BB17F9-93D8-4EA3-88D2-2790E855AA82}.Debug|ARM.ActiveCfg = Debug|ARM
		{77BB17F9-93D8-4EA3-88D2-2790E855AA82}.Debug|ARM.Build.0 = Debug|ARM
		{77BB17F9-93D8-4EA3-88D2-2790E855AA82}.Debug|Win32.ActiveCfg = Debug|Win32
		{77BB17F9-93D8-4EA3-88D2-2790E855AA82}.Debug|Win32.Build.0 = Debug|Win32
		{77BB17F9-93D8-4EA3-88D2-2790E855AA82}.Release|ARM.ActiveCfg = Release|ARM
		{77BB17F9-93D8-4EA3-88D2-2790E855AA82}.Release|ARM.Build.0 = Release|ARM
		{77BB17F9-93D8-4EA3-88D2-2790E855AA82}.Release|Win32.ActiveCfg = Release|Win32
		{77BB17F9-93D8-4EA3-88D2-2790E855AA82}.Release|Win32.Build.0 = Release|Win32
	EndGlobalSection
	GlobalSection(SolutionProperties) = preSolution
		HideSolutionNode = FALSE
	EndGlobalSection
EndGlobal
